
Microsoft Visual Studio Solution File, Format Version 12.00
# Visual Studio Version 16
VisualStudioVersion = 16.0.30517.126
MinimumVisualStudioVersion = 10.0.40219.1
Project("{9092AA53-FB77-4645-B42D-1CCCA6BD08BD}") = "DaebServices", "DaebServices.njsproj", "{7FB994B6-F93C-4490-813D-9CBA53B6939B}"
EndProject
Global
	GlobalSection(SolutionConfigurationPlatforms) = preSolution
		Debug|Any CPU = Debug|Any CPU
		Release|Any CPU = Release|Any CPU
	EndGlobalSection
	GlobalSection(ProjectConfigurationPlatforms) = postSolution
		{7FB994B6-F93C-4490-813D-9CBA53B6939B}.Debug|Any CPU.ActiveCfg = Debug|Any CPU
		{7FB994B6-F93C-4490-813D-9CBA53B6939B}.Debug|Any CPU.Build.0 = Debug|Any CPU
		{7FB994B6-F93C-4490-813D-9CBA53B6939B}.Release|Any CPU.ActiveCfg = Release|Any CPU
		{7FB994B6-F93C-4490-813D-9CBA53B6939B}.Release|Any CPU.Build.0 = Release|Any CPU
	EndGlobalSection
	GlobalSection(SolutionProperties) = preSolution
		HideSolutionNode = FALSE
	EndGlobalSection
	GlobalSection(ExtensibilityGlobals) = postSolution
		SolutionGuid = {155DDC9A-25D2-4760-8B20-6560E6B66226}
	EndGlobalSection
EndGlobal
